
Microsoft Visual Studio Solution File, Format Version 12.00
# Visual Studio 15
VisualStudioVersion = 15.0.27703.2042
MinimumVisualStudioVersion = 10.0.40219.1
Project("{FAE04EC0-301F-11D3-BF4B-00C04F79EFBC}") = "AutoMapperOCP", "AutoMapperOCP\AutoMapperOCP.csproj", "{6176DBC4-10E5-4A90-8350-0A097F56B573}"
EndProject
Global
	GlobalSection(SolutionConfigurationPlatforms) = preSolution
		Debug|Any CPU = Debug|Any CPU
		Release|Any CPU = Release|Any CPU
	EndGlobalSection
	GlobalSection(ProjectConfigurationPlatforms) = postSolution
		{6176DBC4-10E5-4A90-8350-0A097F56B573}.Debug|Any CPU.ActiveCfg = Debug|Any CPU
		{6176DBC4-10E5-4A90-8350-0A097F56B573}.Debug|Any CPU.Build.0 = Debug|Any CPU
		{6176DBC4-10E5-4A90-8350-0A097F56B573}.Release|Any CPU.ActiveCfg = Release|Any CPU
		{6176DBC4-10E5-4A90-8350-0A097F56B573}.Release|Any CPU.Build.0 = Release|Any CPU
	EndGlobalSection
	GlobalSection(SolutionProperties) = preSolution
		HideSolutionNode = FALSE
	EndGlobalSection
	GlobalSection(ExtensibilityGlobals) = postSolution
		SolutionGuid = {72E61E04-DC07-4FBD-9BBC-883FA14A75A1}
	EndGlobalSection
EndGlobal
